# This file was autogenerated by uv via the following command:
#    uv pip compile requirements-uv.in -o requirements-uv.lock --python .venv/bin/python --cache-dir /tmp/workbench-uv-cache
narwhals==2.26.0
    # via plotly
numpy==1.26.4
    # via
    #   -r requirements-uv.in
    #   pandas
    #   scipy
packaging==26.3
    # via plotly
pandas==2.3.3
    # via -r requirements-uv.in
plotly==6.9.0
    # via -r requirements-uv.in
python-dateutil==2.9.0.post0
    # via pandas
pytz==2026.3.post1
    # via pandas
scipy==1.17.1
    # via -r requirements-uv.in
six==1.17.0
    # via python-dateutil
tzdata==2026.4
    # via pandas
websockets==16.1.1
    # via -r requirements-uv.in
